// !$*UTF8*$!
{
	archiveVersion = 1;
	classes = {
	};
	objectVersion = 50;
	objects = {

/* Begin PBXBuildFile section */
		1F9BFDB72088846A004241E5 /* AppDelegate.m in Sources */ = {isa = PBXBuildFile; fileRef = 1F9BFDB62088846A004241E5 /* AppDelegate.m */; };
		1F9BFDBA2088846A004241E5 /* ViewController.m in Sources */ = {isa = PBXBuildFile; fileRef = 1F9BFDB92088846A004241E5 /* ViewController.m */; };
		1F9BFDBD2088846A004241E5 /* Main.storyboard in Resources */ = {isa = PBXBuildFile; fileRef = 1F9BFDBB2088846A004241E5 /* Main.storyboard */; };
		1F9BFDBF2088846A004241E5 /* Assets.xcassets in Resources */ = {isa = PBXBuildFile; fileRef = 1F9BFDBE2088846A004241E5 /* Assets.xcassets */; };
		1F9BFDC22088846A004241E5 /* LaunchScreen.storyboard in Resources */ = {isa = PBXBuildFile; fileRef = 1F9BFDC02088846A004241E5 /* LaunchScreen.storyboard */; };
		1F9BFDC52088846A004241E5 /* main.m in Sources */ = {isa = PBXBuildFile; fileRef = 1F9BFDC42088846A004241E5 /* main.m */; };
		1F9BFDCF2088846A004241E5 /* SusisePointerTests.m in Sources */ = {isa = PBXBuildFile; fileRef = 1F9BFDCE2088846A004241E5 /* SusisePointerTests.m */; };
		1F9BFDDA2088846A004241E5 /* SusisePointerUITests.m in Sources */ = {isa = PBXBuildFile; fileRef = 1F9BFDD92088846A004241E5 /* SusisePointerUITests.m */; };
		1F9BFDE92088A5FE004241E5 /* Person.m in Sources */ = {isa = PBXBuildFile; fileRef = 1F9BFDE82088A5FE004241E5 /* Person.m */; };
/* End PBXBuildFile section */

/* Begin PBXContainerItemProxy section */
		1F9BFDCB2088846A004241E5 /* PBXContainerItemProxy */ = {
			isa = PBXContainerItemProxy;
			containerPortal = 1F9BFDAA2088846A004241E5 /* Project object */;
			proxyType = 1;
			remoteGlobalIDString = 1F9BFDB12088846A004241E5;
			remoteInfo = SusisePointer;
		};
		1F9BFDD62088846A004241E5 /* PBXContainerItemProxy */ = {
			isa = PBXContainerItemProxy;
			containerPortal = 1F9BFDAA2088846A004241E5 /* Project object */;
			proxyType = 1;
			remoteGlobalIDString = 1F9BFDB12088846A004241E5;
			remoteInfo = SusisePointer;
		};
/* End PBXContainerItemProxy section */

/* Begin PBXFileReference section */
		1F9BFDB22088846A004241E5 /* SusisePointer.app */ = {isa = PBXFileReference; explicitFileType = wrapper.application; includeInIndex = 0; path = SusisePointer.app; sourceTree = BUILT_PRODUCTS_DIR; };
		1F9BFDB52088846A004241E5 /* AppDelegate.h */ = {isa = PBXFileReference; lastKnownFileType = sourcecode.c.h; path = AppDelegate.h; sourceTree = "<group>"; };
		1F9BFDB62088846A004241E5 /* AppDelegate.m */ = {isa = PBXFileReference; lastKnownFileType = sourcecode.c.objc; path = AppDelegate.m; sourceTree = "<group>"; };
		1F9BFDB82088846A004241E5 /* ViewController.h */ = {isa = PBXFileReference; lastKnownFileType = sourcecode.c.h; path = ViewController.h; sourceTree = "<group>"; };
		1F9BFDB92088846A004241E5 /* ViewController.m */ = {isa = PBXFileReference; lastKnownFileType = sourcecode.c.objc; path = ViewController.m; sourceTree = "<group>"; };
		1F9BFDBC2088846A004241E5 /* Base */ = {isa = PBXFileReference; lastKnownFileType = file.storyboard; name = Base; path = Base.lproj/Main.storyboard; sourceTree = "<group>"; };
		1F9BFDBE2088846A004241E5 /* Assets.xcassets */ = {isa = PBXFileReference; lastKnownFileType = folder.assetcatalog; path = Assets.xcassets; sourceTree = "<group>"; };
		1F9BFDC12088846A004241E5 /* Base */ = {isa = PBXFileReference; lastKnownFileType = file.storyboard; name = Base; path = Base.lproj/LaunchScreen.storyboard; sourceTree = "<group>"; };
		1F9BFDC32088846A004241E5 /* Info.plist */ = {isa = PBXFileReference; lastKnownFileType = text.plist.xml; path = Info.plist; sourceTree = "<group>"; };
		1F9BFDC42088846A004241E5 /* main.m */ = {isa = PBXFileReference; lastKnownFileType = sourcecode.c.objc; path = main.m; sourceTree = "<group>"; };
		1F9BFDCA2088846A004241E5 /* SusisePointerTests.xctest */ = {isa = PBXFileReference; explicitFileType = wrapper.cfbundle; includeInIndex = 0; path = SusisePointerTests.xctest; sourceTree = BUILT_PRODUCTS_DIR; };
		1F9BFDCE2088846A004241E5 /* SusisePointerTests.m */ = {isa = PBXFileReference; lastKnownFileType = sourcecode.c.objc; path = SusisePointerTests.m; sourceTree = "<group>"; };
		1F9BFDD02088846A004241E5 /* Info.plist */ = {isa = PBXFileReference; lastKnownFileType = text.plist.xml; path = Info.plist; sourceTree = "<group>"; };
		1F9BFDD52088846A004241E5 /* SusisePointerUITests.xctest */ = {isa = PBXFileReference; explicitFileType = wrapper.cfbundle; includeInIndex = 0; path = SusisePointerUITests.xctest; sourceTree = BUILT_PRODUCTS_DIR; };
		1F9BFDD92088846A004241E5 /* SusisePointerUITests.m */ = {isa = PBXFileReference; lastKnownFileType = sourcecode.c.objc; path = SusisePointerUITests.m; sourceTree = "<group>"; };
		1F9BFDDB2088846B004241E5 /* Info.plist */ = {isa = PBXFileReference; lastKnownFileType = text.plist.xml; path = Info.plist; sourceTree = "<group>"; };
		1F9BFDE72088A5FE004241E5 /* Person.h */ = {isa = PBXFileReference; lastKnownFileType = sourcecode.c.h; path = Person.h; sourceTree = "<group>"; };
		1F9BFDE82088A5FE004241E5 /* Person.m */ = {isa = PBXFileReference; lastKnownFileType = sourcecode.c.objc; path = Person.m; sourceTree = "<group>"; };
/* End PBXFileReference section */

/* Begin PBXFrameworksBuildPhase section */
		1F9BFDAF2088846A004241E5 /* Frameworks */ = {
			isa = PBXFrameworksBuildPhase;
			buildActionMask = 2147483647;
			files = (
			);
			runOnlyForDeploymentPostprocessing = 0;
		};
		1F9BFDC72088846A004241E5 /* Frameworks */ = {
			isa = PBXFrameworksBuildPhase;
			buildActionMask = 2147483647;
			files = (
			);
			runOnlyForDeploymentPostprocessing = 0;
		};
		1F9BFDD22088846A004241E5 /* Frameworks */ = {
			isa = PBXFrameworksBuildPhase;
			buildActionMask = 2147483647;
			files = (
			);
			runOnlyForDeploymentPostprocessing = 0;
		};
/* End PBXFrameworksBuildPhase section */

/* Begin PBXGroup section */
		1F9BFDA92088846A004241E5 = {
			isa = PBXGroup;
			children = (
				1F9BFDB42088846A004241E5 /* SusisePointer */,
				1F9BFDCD2088846A004241E5 /* SusisePointerTests */,
				1F9BFDD82088846A004241E5 /* SusisePointerUITests */,
				1F9BFDB32088846A004241E5 /* Products */,
			);
			sourceTree = "<group>";
		};
		1F9BFDB32088846A004241E5 /* Products */ = {
			isa = PBXGroup;
			children = (
				1F9BFDB22088846A004241E5 /* SusisePointer.app */,
				1F9BFDCA2088846A004241E5 /* SusisePointerTests.xctest */,
				1F9BFDD52088846A004241E5 /* SusisePointerUITests.xctest */,
			);
			name = Products;
			sourceTree = "<group>";
		};
		1F9BFDB42088846A004241E5 /* SusisePointer */ = {
			isa = PBXGroup;
			children = (
				1F9BFDB52088846A004241E5 /* AppDelegate.h */,
				1F9BFDB62088846A004241E5 /* AppDelegate.m */,
				1F9BFDB82088846A004241E5 /* ViewController.h */,
				1F9BFDB92088846A004241E5 /* ViewController.m */,
				1F9BFDE72088A5FE004241E5 /* Person.h */,
				1F9BFDE82088A5FE004241E5 /* Person.m */,
				1F9BFDBB2088846A004241E5 /* Main.storyboard */,
				1F9BFDBE2088846A004241E5 /* Assets.xcassets */,
				1F9BFDC02088846A004241E5 /* LaunchScreen.storyboard */,
				1F9BFDC32088846A004241E5 /* Info.plist */,
				1F9BFDC42088846A004241E5 /* main.m */,
			);
			path = SusisePointer;
			sourceTree = "<group>";
		};
		1F9BFDCD2088846A004241E5 /* SusisePointerTests */ = {
			isa = PBXGroup;
			children = (
				1F9BFDCE2088846A004241E5 /* SusisePointerTests.m */,
				1F9BFDD02088846A004241E5 /* Info.plist */,
			);
			path = SusisePointerTests;
			sourceTree = "<group>";
		};
		1F9BFDD82088846A004241E5 /* SusisePointerUITests */ = {
			isa = PBXGroup;
			children = (
				1F9BFDD92088846A004241E5 /* SusisePointerUITests.m */,
				1F9BFDDB2088846B004241E5 /* Info.plist */,
			);
			path = SusisePointerUITests;
			sourceTree = "<group>";
		};
/* End PBXGroup section */

/* Begin PBXNativeTarget section */
		1F9BFDB12088846A004241E5 /* SusisePointer */ = {
			isa = PBXNativeTarget;
			buildConfigurationList = 1F9BFDDE2088846B004241E5 /* Build configuration list for PBXNativeTarget "SusisePointer" */;
			buildPhases = (
				1F9BFDAE2088846A004241E5 /* Sources */,
				1F9BFDAF2088846A004241E5 /* Frameworks */,
				1F9BFDB02088846A004241E5 /* Resources */,
			);
			buildRules = (
			);
			dependencies = (
			);
			name = SusisePointer;
			productName = SusisePointer;
			productReference = 1F9BFDB22088846A004241E5 /* SusisePointer.app */;
			productType = "com.apple.product-type.application";
		};
		1F9BFDC92088846A004241E5 /* SusisePointerTests */ = {
			isa = PBXNativeTarget;
			buildConfigurationList = 1F9BFDE12088846B004241E5 /* Build configuration list for PBXNativeTarget "SusisePointerTests" */;
			buildPhases = (
				1F9BFDC62088846A004241E5 /* Sources */,
				1F9BFDC72088846A004241E5 /* Frameworks */,
				1F9BFDC82088846A004241E5 /* Resources */,
			);
			buildRules = (
			);
			dependencies = (
				1F9BFDCC2088846A004241E5 /* PBXTargetDependency */,
			);
			name = SusisePointerTests;
			productName = SusisePointerTests;
			productReference = 1F9BFDCA2088846A004241E5 /* SusisePointerTests.xctest */;
			productType = "com.apple.product-type.bundle.unit-test";
		};
		1F9BFDD42088846A004241E5 /* SusisePointerUITests */ = {
			isa = PBXNativeTarget;
			buildConfigurationList = 1F9BFDE42088846B004241E5 /* Build configuration list for PBXNativeTarget "SusisePointerUITests" */;
			buildPhases = (
				1F9BFDD12088846A004241E5 /* Sources */,
				1F9BFDD22088846A004241E5 /* Frameworks */,
				1F9BFDD32088846A004241E5 /* Resources */,
			);
			buildRules = (
			);
			dependencies = (
				1F9BFDD72088846A004241E5 /* PBXTargetDependency */,
			);
			name = SusisePointerUITests;
			productName = SusisePointerUITests;
			productReference = 1F9BFDD52088846A004241E5 /* SusisePointerUITests.xctest */;
			productType = "com.apple.product-type.bundle.ui-testing";
		};
/* End PBXNativeTarget section */

/* Begin PBXProject section */
		1F9BFDAA2088846A004241E5 /* Project object */ = {
			isa = PBXProject;
			attributes = {
				LastUpgradeCheck = 0930;
				ORGANIZATIONNAME = S;
				TargetAttributes = {
					1F9BFDB12088846A004241E5 = {
						CreatedOnToolsVersion = 9.3;
					};
					1F9BFDC92088846A004241E5 = {
						CreatedOnToolsVersion = 9.3;
						TestTargetID = 1F9BFDB12088846A004241E5;
					};
					1F9BFDD42088846A004241E5 = {
						CreatedOnToolsVersion = 9.3;
						TestTargetID = 1F9BFDB12088846A004241E5;
					};
				};
			};
			buildConfigurationList = 1F9BFDAD2088846A004241E5 /* Build configuration list for PBXProject "SusisePointer" */;
			compatibilityVersion = "Xcode 9.3";
			developmentRegion = en;
			hasScannedForEncodings = 0;
			knownRegions = (
				en,
				Base,
			);
			mainGroup = 1F9BFDA92088846A004241E5;
			productRefGroup = 1F9BFDB32088846A004241E5 /* Products */;
			projectDirPath = "";
			projectRoot = "";
			targets = (
				1F9BFDB12088846A004241E5 /* SusisePointer */,
				1F9BFDC92088846A004241E5 /* SusisePointerTests */,
				1F9BFDD42088846A004241E5 /* SusisePointerUITests */,
			);
		};
/* End PBXProject section */

/* Begin PBXResourcesBuildPhase section */
		1F9BFDB02088846A004241E5 /* Resources */ = {
			isa = PBXResourcesBuildPhase;
			buildActionMask = 2147483647;
			files = (
				1F9BFDC22088846A004241E5 /* LaunchScreen.storyboard in Resources */,
				1F9BFDBF2088846A004241E5 /* Assets.xcassets in Resources */,
				1F9BFDBD2088846A004241E5 /* Main.storyboard in Resources */,
			);
			runOnlyForDeploymentPostprocessing = 0;
		};
		1F9BFDC82088846A004241E5 /* Resources */ = {
			isa = PBXResourcesBuildPhase;
			buildActionMask = 2147483647;
			files = (
			);
			runOnlyForDeploymentPostprocessing = 0;
		};
		1F9BFDD32088846A004241E5 /* Resources */ = {
			isa = PBXResourcesBuildPhase;
			buildActionMask = 2147483647;
			files = (
			);
			runOnlyForDeploymentPostprocessing = 0;
		};
/* End PBXResourcesBuildPhase section */

/* Begin PBXSourcesBuildPhase section */
		1F9BFDAE2088846A004241E5 /* Sources */ = {
			isa = PBXSourcesBuildPhase;
			buildActionMask = 2147483647;
			files = (
				1F9BFDBA2088846A004241E5 /* ViewController.m in Sources */,
				1F9BFDC52088846A004241E5 /* main.m in Sources */,
				1F9BFDE92088A5FE004241E5 /* Person.m in Sources */,
				1F9BFDB72088846A004241E5 /* AppDelegate.m in Sources */,
			);
			runOnlyForDeploymentPostprocessing = 0;
		};
		1F9BFDC62088846A004241E5 /* Sources */ = {
			isa = PBXSourcesBuildPhase;
			buildActionMask = 2147483647;
			files = (
				1F9BFDCF2088846A004241E5 /* SusisePointerTests.m in Sources */,
			);
			runOnlyForDeploymentPostprocessing = 0;
		};
		1F9BFDD12088846A004241E5 /* Sources */ = {
			isa = PBXSourcesBuildPhase;
			buildActionMask = 2147483647;
			files = (
				1F9BFDDA2088846A004241E5 /* SusisePointerUITests.m in Sources */,
			);
			runOnlyForDeploymentPostprocessing = 0;
		};
/* End PBXSourcesBuildPhase section */

/* Begin PBXTargetDependency section */
		1F9BFDCC2088846A004241E5 /* PBXTargetDependency */ = {
			isa = PBXTargetDependency;
			target = 1F9BFDB12088846A004241E5 /* SusisePointer */;
			targetProxy = 1F9BFDCB2088846A004241E5 /* PBXContainerItemProxy */;
		};
		1F9BFDD72088846A004241E5 /* PBXTargetDependency */ = {
			isa = PBXTargetDependency;
			target = 1F9BFDB12088846A004241E5 /* SusisePointer */;
			targetProxy = 1F9BFDD62088846A004241E5 /* PBXContainerItemProxy */;
		};
/* End PBXTargetDependency section */

/* Begin PBXVariantGroup section */
		1F9BFDBB2088846A004241E5 /* Main.storyboard */ = {
			isa = PBXVariantGroup;
			children = (
				1F9BFDBC2088846A004241E5 /* Base */,
			);
			name = Main.storyboard;
			sourceTree = "<group>";
		};
		1F9BFDC02088846A004241E5 /* LaunchScreen.storyboard */ = {
			isa = PBXVariantGroup;
			children = (
				1F9BFDC12088846A004241E5 /* Base */,
			);
			name = LaunchScreen.storyboard;
			sourceTree = "<group>";
		};
/* End PBXVariantGroup section */

/* Begin XCBuildConfiguration section */
		1F9BFDDC2088846B004241E5 /* Debug */ = {
			isa = XCBuildConfiguration;
			buildSettings = {
				ALWAYS_SEARCH_USER_PATHS = NO;
				CLANG_ANALYZER_NONNULL = YES;
				CLANG_ANALYZER_NUMBER_OBJECT_CONVERSION = YES_AGGRESSIVE;
				CLANG_CXX_LANGUAGE_STANDARD = "gnu++14";
				CLANG_CXX_LIBRARY = "libc++";
				CLANG_ENABLE_MODULES = YES;
				CLANG_ENABLE_OBJC_ARC = YES;
				CLANG_ENABLE_OBJC_WEAK = YES;
				CLANG_WARN_BLOCK_CAPTURE_AUTORELEASING = YES;
				CLANG_WARN_BOOL_CONVERSION = YES;
				CLANG_WARN_COMMA = YES;
				CLANG_WARN_CONSTANT_CONVERSION = YES;
				CLANG_WARN_DEPRECATED_OBJC_IMPLEMENTATIONS = YES;
				CLANG_WARN_DIRECT_OBJC_ISA_USAGE = YES_ERROR;
				CLANG_WARN_DOCUMENTATION_COMMENTS = YES;
				CLANG_WARN_EMPTY_BODY = YES;
				CLANG_WARN_ENUM_CONVERSION = YES;
				CLANG_WARN_INFINITE_RECURSION = YES;
				CLANG_WARN_INT_CONVERSION = YES;
				CLANG_WARN_NON_LITERAL_NULL_CONVERSION = YES;
				CLANG_WARN_OBJC_IMPLICIT_RETAIN_SELF = YES;
				CLANG_WARN_OBJC_LITERAL_CONVERSION = YES;
				CLANG_WARN_OBJC_ROOT_CLASS = YES_ERROR;
				CLANG_WARN_RANGE_LOOP_ANALYSIS = YES;
				CLANG_WARN_STRICT_PROTOTYPES = YES;
				CLANG_WARN_SUSPICIOUS_MOVE = YES;
				CLANG_WARN_UNGUARDED_AVAILABILITY = YES_AGGRESSIVE;
				CLANG_WARN_UNREACHABLE_CODE = YES;
				CLANG_WARN__DUPLICATE_METHOD_MATCH = YES;
				CODE_SIGN_IDENTITY = "iPhone Developer";
				COPY_PHASE_STRIP = NO;
				DEBUG_INFORMATION_FORMAT = dwarf;
				ENABLE_STRICT_OBJC_MSGSEND = YES;
				ENABLE_TESTABILITY = YES;
				GCC_C_LANGUAGE_STANDARD = gnu11;
				GCC_DYNAMIC_NO_PIC = NO;
				GCC_NO_COMMON_BLOCKS = YES;
				GCC_OPTIMIZATION_LEVEL = 0;
				GCC_PREPROCESSOR_DEFINITIONS = (
					"DEBUG=1",
					"$(inherited)",
				);
				GCC_WARN_64_TO_32_BIT_CONVERSION = YES;
				GCC_WARN_ABOUT_RETURN_TYPE = YES_ERROR;
				GCC_WARN_UNDECLARED_SELECTOR = YES;
				GCC_WARN_UNINITIALIZED_AUTOS = YES_AGGRESSIVE;
				GCC_WARN_UNUSED_FUNCTION = YES;
				GCC_WARN_UNUSED_VARIABLE = YES;
				IPHONEOS_DEPLOYMENT_TARGET = 11.3;
				MTL_ENABLE_DEBUG_INFO = YES;
				ONLY_ACTIVE_ARCH = YES;
				SDKROOT = iphoneos;
			};
			name = Debug;
		};
		1F9BFDDD2088846B004241E5 /* Release */ = {
			isa = XCBuildConfiguration;
			buildSettings = {
				ALWAYS_SEARCH_USER_PATHS = NO;
				CLANG_ANALYZER_NONNULL = YES;
				CLANG_ANALYZER_NUMBER_OBJECT_CONVERSION = YES_AGGRESSIVE;
				CLANG_CXX_LANGUAGE_STANDARD = "gnu++14";
				CLANG_CXX_LIBRARY = "libc++";
				CLANG_ENABLE_MODULES = YES;
				CLANG_ENABLE_OBJC_ARC = YES;
				CLANG_ENABLE_OBJC_WEAK = YES;
				CLANG_WARN_BLOCK_CAPTURE_AUTORELEASING = YES;
				CLANG_WARN_BOOL_CONVERSION = YES;
				CLANG_WARN_COMMA = YES;
				CLANG_WARN_CONSTANT_CONVERSION = YES;
				CLANG_WARN_DEPRECATED_OBJC_IMPLEMENTATIONS = YES;
				CLANG_WARN_DIRECT_OBJC_ISA_USAGE = YES_ERROR;
				CLANG_WARN_DOCUMENTATION_COMMENTS = YES;
				CLANG_WARN_EMPTY_BODY = YES;
				CLANG_WARN_ENUM_CONVERSION = YES;
				CLANG_WARN_INFINITE_RECURSION = YES;
				CLANG_WARN_INT_CONVERSION = YES;
				CLANG_WARN_NON_LITERAL_NULL_CONVERSION = YES;
				CLANG_WARN_OBJC_IMPLICIT_RETAIN_SELF = YES;
				CLANG_WARN_OBJC_LITERAL_CONVERSION = YES;
				CLANG_WARN_OBJC_ROOT_CLASS = YES_ERROR;
				CLANG_WARN_RANGE_LOOP_ANALYSIS = YES;
				CLANG_WARN_STRICT_PROTOTYPES = YES;
				CLANG_WARN_SUSPICIOUS_MOVE = YES;
				CLANG_WARN_UNGUARDED_AVAILABILITY = YES_AGGRESSIVE;
				CLANG_WARN_UNREACHABLE_CODE = YES;
				CLANG_WARN__DUPLICATE_METHOD_MATCH = YES;
				CODE_SIGN_IDENTITY = "iPhone Developer";
				COPY_PHASE_STRIP = NO;
				DEBUG_INFORMATION_FORMAT = "dwarf-with-dsym";
				ENABLE_NS_ASSERTIONS = NO;
				ENABLE_STRICT_OBJC_MSGSEND = YES;
				GCC_C_LANGUAGE_STANDARD = gnu11;
				GCC_NO_COMMON_BLOCKS = YES;
				GCC_WARN_64_TO_32_BIT_CONVERSION = YES;
				GCC_WARN_ABOUT_RETURN_TYPE = YES_ERROR;
				GCC_WARN_UNDECLARED_SELECTOR = YES;
				GCC_WARN_UNINITIALIZED_AUTOS = YES_AGGRESSIVE;
				GCC_WARN_UNUSED_FUNCTION = YES;
				GCC_WARN_UNUSED_VARIABLE = YES;
				IPHONEOS_DEPLOYMENT_TARGET = 11.3;
				MTL_ENABLE_DEBUG_INFO = NO;
				SDKROOT = iphoneos;
				VALIDATE_PRODUCT = YES;
			};
			name = Release;
		};
		1F9BFDDF2088846B004241E5 /* Debug */ = {
			isa = XCBuildConfiguration;
			buildSettings = {
				ASSETCATALOG_COMPILER_APPICON_NAME = AppIcon;
				CODE_SIGN_STYLE = Automatic;
				INFOPLIST_FILE = SusisePointer/Info.plist;
				LD_RUNPATH_SEARCH_PATHS = (
					"$(inherited)",
					"@executable_path/Frameworks",
				);
				PRODUCT_BUNDLE_IDENTIFIER = S.SusisePointer;
				PRODUCT_NAME = "$(TARGET_NAME)";
				TARGETED_DEVICE_FAMILY = "1,2";
			};
			name = Debug;
		};
		1F9BFDE02088846B004241E5 /* Release */ = {
			isa = XCBuildConfiguration;
			buildSettings = {
				ASSETCATALOG_COMPILER_APPICON_NAME = AppIcon;
				CODE_SIGN_STYLE = Automatic;
				INFOPLIST_FILE = SusisePointer/Info.plist;
				LD_RUNPATH_SEARCH_PATHS = (
					"$(inherited)",
					"@executable_path/Frameworks",
				);
				PRODUCT_BUNDLE_IDENTIFIER = S.SusisePointer;
				PRODUCT_NAME = "$(TARGET_NAME)";
				TARGETED_DEVICE_FAMILY = "1,2";
			};
			name = Release;
		};
		1F9BFDE22088846B004241E5 /* Debug */ = {
			isa = XCBuildConfiguration;
			buildSettings = {
				BUNDLE_LOADER = "$(TEST_HOST)";
				CODE_SIGN_STYLE = Automatic;
				INFOPLIST_FILE = SusisePointerTests/Info.plist;
				LD_RUNPATH_SEARCH_PATHS = (
					"$(inherited)",
					"@executable_path/Frameworks",
					"@loader_path/Frameworks",
				);
				PRODUCT_BUNDLE_IDENTIFIER = S.SusisePointerTests;
				PRODUCT_NAME = "$(TARGET_NAME)";
				TARGETED_DEVICE_FAMILY = "1,2";
				TEST_HOST = "$(BUILT_PRODUCTS_DIR)/SusisePointer.app/SusisePointer";
			};
			name = Debug;
		};
		1F9BFDE32088846B004241E5 /* Release */ = {
			isa = XCBuildConfiguration;
			buildSettings = {
				BUNDLE_LOADER = "$(TEST_HOST)";
				CODE_SIGN_STYLE = Automatic;
				INFOPLIST_FILE = SusisePointerTests/Info.plist;
				LD_RUNPATH_SEARCH_PATHS = (
					"$(inherited)",
					"@executable_path/Frameworks",
					"@loader_path/Frameworks",
				);
				PRODUCT_BUNDLE_IDENTIFIER = S.SusisePointerTests;
				PRODUCT_NAME = "$(TARGET_NAME)";
				TARGETED_DEVICE_FAMILY = "1,2";
				TEST_HOST = "$(BUILT_PRODUCTS_DIR)/SusisePointer.app/SusisePointer";
			};
			name = Release;
		};
		1F9BFDE52088846B004241E5 /* Debug */ = {
			isa = XCBuildConfiguration;
			buildSettings = {
				CODE_SIGN_STYLE = Automatic;
				INFOPLIST_FILE = SusisePointerUITests/Info.plist;
				LD_RUNPATH_SEARCH_PATHS = (
					"$(inherited)",
					"@executable_path/Frameworks",
					"@loader_path/Frameworks",
				);
				PRODUCT_BUNDLE_IDENTIFIER = S.SusisePointerUITests;
				PRODUCT_NAME = "$(TARGET_NAME)";
				TARGETED_DEVICE_FAMILY = "1,2";
				TEST_TARGET_NAME = SusisePointer;
			};
			name = Debug;
		};
		1F9BFDE62088846B004241E5 /* Release */ = {
			isa = XCBuildConfiguration;
			buildSettings = {
				CODE_SIGN_STYLE = Automatic;
				INFOPLIST_FILE = SusisePointerUITests/Info.plist;
				LD_RUNPATH_SEARCH_PATHS = (
					"$(inherited)",
					"@executable_path/Frameworks",
					"@loader_path/Frameworks",
				);
				PRODUCT_BUNDLE_IDENTIFIER = S.SusisePointerUITests;
				PRODUCT_NAME = "$(TARGET_NAME)";
				TARGETED_DEVICE_FAMILY = "1,2";
				TEST_TARGET_NAME = SusisePointer;
			};
			name = Release;
		};
/* End XCBuildConfiguration section */

/* Begin XCConfigurationList section */
		1F9BFDAD2088846A004241E5 /* Build configuration list for PBXProject "SusisePointer" */ = {
			isa = XCConfigurationList;
			buildConfigurations = (
				1F9BFDDC2088846B004241E5 /* Debug */,
				1F9BFDDD2088846B004241E5 /* Release */,
			);
			defaultConfigurationIsVisible = 0;
			defaultConfigurationName = Release;
		};
		1F9BFDDE2088846B004241E5 /* Build configuration list for PBXNativeTarget "SusisePointer" */ = {
			isa = XCConfigurationList;
			buildConfigurations = (
				1F9BFDDF2088846B004241E5 /* Debug */,
				1F9BFDE02088846B004241E5 /* Release */,
			);
			defaultConfigurationIsVisible = 0;
			defaultConfigurationName = Release;
		};
		1F9BFDE12088846B004241E5 /* Build configuration list for PBXNativeTarget "SusisePointerTests" */ = {
			isa = XCConfigurationList;
			buildConfigurations = (
				1F9BFDE22088846B004241E5 /* Debug */,
				1F9BFDE32088846B004241E5 /* Release */,
			);
			defaultConfigurationIsVisible = 0;
			defaultConfigurationName = Release;
		};
		1F9BFDE42088846B004241E5 /* Build configuration list for PBXNativeTarget "SusisePointerUITests" */ = {
			isa = XCConfigurationList;
			buildConfigurations = (
				1F9BFDE52088846B004241E5 /* Debug */,
				1F9BFDE62088846B004241E5 /* Release */,
			);
			defaultConfigurationIsVisible = 0;
			defaultConfigurationName = Release;
		};
/* End XCConfigurationList section */
	};
	rootObject = 1F9BFDAA2088846A004241E5 /* Project object */;
}
